
Microsoft Visual Studio Solution File, Format Version 12.00
# Visual Studio Version 16
VisualStudioVersion = 16.0.31129.286
MinimumVisualStudioVersion = 10.0.40219.1
Project("{8BC9CEB8-8B4A-11D0-8D11-00A0C91BC942}") = "4.24", "4.24.vcxproj", "{EA0BD618-83B1-47A2-989C-8C064A958EF8}"
EndProject
Global
	GlobalSection(SolutionConfigurationPlatforms) = preSolution
		Debug|x64 = Debug|x64
		Debug|x86 = Debug|x86
		Release|x64 = Release|x64
		Release|x86 = Release|x86
	EndGlobalSection
	GlobalSection(ProjectConfigurationPlatforms) = postSolution
		{EA0BD618-83B1-47A2-989C-8C064A958EF8}.Debug|x64.ActiveCfg = Debug|x64
		{EA0BD618-83B1-47A2-989C-8C064A958EF8}.Debug|x64.Build.0 = Debug|x64
		{EA0BD618-83B1-47A2-989C-8C064A958EF8}.Debug|x86.ActiveCfg = Debug|Win32
		{EA0BD618-83B1-47A2-989C-8C064A958EF8}.Debug|x86.Build.0 = Debug|Win32
		{EA0BD618-83B1-47A2-989C-8C064A958EF8}.Release|x64.ActiveCfg = Release|x64
		{EA0BD618-83B1-47A2-989C-8C064A958EF8}.Release|x64.Build.0 = Release|x64
		{EA0BD618-83B1-47A2-989C-8C064A958EF8}.Release|x86.ActiveCfg = Release|Win32
		{EA0BD618-83B1-47A2-989C-8C064A958EF8}.Release|x86.Build.0 = Release|Win32
	EndGlobalSection
	GlobalSection(SolutionProperties) = preSolution
		HideSolutionNode = FALSE
	EndGlobalSection
	GlobalSection(ExtensibilityGlobals) = postSolution
		SolutionGuid = {942215A4-E782-42F6-A525-48C7ED8545F4}
	EndGlobalSection
EndGlobal
